
Microsoft Visual Studio Solution File, Format Version 12.00
# Visual Studio Version 17
VisualStudioVersion = 17.4.33213.308
MinimumVisualStudioVersion = 10.0.40219.1
Project("{FAE04EC0-301F-11D3-BF4B-00C04F79EFBC}") = "Week8EpicGames", "Week8EpicGames\Week8EpicGames.csproj", "{F1AA3B17-5812-4B1D-8860-AE222BF42869}"
EndProject
Global
	GlobalSection(SolutionConfigurationPlatforms) = preSolution
		Debug|Any CPU = Debug|Any CPU
		Release|Any CPU = Release|Any CPU
	EndGlobalSection
	GlobalSection(ProjectConfigurationPlatforms) = postSolution
		{F1AA3B17-5812-4B1D-8860-AE222BF42869}.Debug|Any CPU.ActiveCfg = Debug|Any CPU
		{F1AA3B17-5812-4B1D-8860-AE222BF42869}.Debug|Any CPU.Build.0 = Debug|Any CPU
		{F1AA3B17-5812-4B1D-8860-AE222BF42869}.Release|Any CPU.ActiveCfg = Release|Any CPU
		{F1AA3B17-5812-4B1D-8860-AE222BF42869}.Release|Any CPU.Build.0 = Release|Any CPU
	EndGlobalSection
	GlobalSection(SolutionProperties) = preSolution
		HideSolutionNode = FALSE
	EndGlobalSection
	GlobalSection(ExtensibilityGlobals) = postSolution
		SolutionGuid = {B8D45944-BD90-4BBC-B898-CC4E2410D9F7}
	EndGlobalSection
EndGlobal
